
Microsoft Visual Studio Solution File, Format Version 12.00
# Visual Studio Version 17
VisualStudioVersion = 17.8.34316.72
MinimumVisualStudioVersion = 10.0.40219.1
Project("{FAE04EC0-301F-11D3-BF4B-00C04F79EFBC}") = "EdgeGateway.HelloWorld", "EdgeGateway.HelloWorld\EdgeGateway.HelloWorld.csproj", "{3E9BC640-B0D6-43E7-9E88-F86BEB1B279A}"
EndProject
Global
	GlobalSection(SolutionConfigurationPlatforms) = preSolution
		Debug|Any CPU = Debug|Any CPU
		Release|Any CPU = Release|Any CPU
	EndGlobalSection
	GlobalSection(ProjectConfigurationPlatforms) = postSolution
		{3E9BC640-B0D6-43E7-9E88-F86BEB1B279A}.Debug|Any CPU.ActiveCfg = Debug|Any CPU
		{3E9BC640-B0D6-43E7-9E88-F86BEB1B279A}.Debug|Any CPU.Build.0 = Debug|Any CPU
		{3E9BC640-B0D6-43E7-9E88-F86BEB1B279A}.Release|Any CPU.ActiveCfg = Release|Any CPU
		{3E9BC640-B0D6-43E7-9E88-F86BEB1B279A}.Release|Any CPU.Build.0 = Release|Any CPU
	EndGlobalSection
	GlobalSection(SolutionProperties) = preSolution
		HideSolutionNode = FALSE
	EndGlobalSection
	GlobalSection(ExtensibilityGlobals) = postSolution
		SolutionGuid = {3057D88A-3F36-4690-A015-D4E4C0CA6824}
	EndGlobalSection
EndGlobal
